// !$*UTF8*$!
{
	archiveVersion = 1;
	classes = {
	};
	objectVersion = 50;
	objects = {

/* Begin PBXBuildFile section */
		1329B79521772637003B9A9A /* AppDelegate.swift in Sources */ = {isa = PBXBuildFile; fileRef = 1329B79421772637003B9A9A /* AppDelegate.swift */; };
		1329B79A21772637003B9A9A /* Main.storyboard in Resources */ = {isa = PBXBuildFile; fileRef = 1329B79821772637003B9A9A /* Main.storyboard */; };
		1329B79C21772638003B9A9A /* Assets.xcassets in Resources */ = {isa = PBXBuildFile; fileRef = 1329B79B21772638003B9A9A /* Assets.xcassets */; };
		1329B79F21772638003B9A9A /* LaunchScreen.storyboard in Resources */ = {isa = PBXBuildFile; fileRef = 1329B79D21772638003B9A9A /* LaunchScreen.storyboard */; };
		1329B7D7217ECFEE003B9A9A /* ResponseViewController.swift in Sources */ = {isa = PBXBuildFile; fileRef = 1329B7D6217ECFEE003B9A9A /* ResponseViewController.swift */; };
		1329B7D9217ED066003B9A9A /* MainViewController.swift in Sources */ = {isa = PBXBuildFile; fileRef = 1329B7D8217ED066003B9A9A /* MainViewController.swift */; };
		134F01C72254A1470005A3A1 /* NovaAuth.framework in Frameworks */ = {isa = PBXBuildFile; fileRef = 1329B7C321773119003B9A9A /* NovaAuth.framework */; };
		134F01C92254A1F90005A3A1 /* NovaAuth.framework in Embed Frameworks */ = {isa = PBXBuildFile; fileRef = 1329B7C321773119003B9A9A /* NovaAuth.framework */; settings = {ATTRIBUTES = (CodeSignOnCopy, RemoveHeadersOnCopy, ); }; };
/* End PBXBuildFile section */

/* Begin PBXCopyFilesBuildPhase section */
		134F01CA2254A1F90005A3A1 /* Embed Frameworks */ = {
			isa = PBXCopyFilesBuildPhase;
			buildActionMask = 2147483647;
			dstPath = "";
			dstSubfolderSpec = 10;
			files = (
				134F01C92254A1F90005A3A1 /* NovaAuth.framework in Embed Frameworks */,
			);
			name = "Embed Frameworks";
			runOnlyForDeploymentPostprocessing = 0;
		};
/* End PBXCopyFilesBuildPhase section */

/* Begin PBXFileReference section */
		1329B79121772637003B9A9A /* NovaSdkTest.app */ = {isa = PBXFileReference; explicitFileType = wrapper.application; includeInIndex = 0; path = NovaSdkTest.app; sourceTree = BUILT_PRODUCTS_DIR; };
		1329B79421772637003B9A9A /* AppDelegate.swift */ = {isa = PBXFileReference; lastKnownFileType = sourcecode.swift; path = AppDelegate.swift; sourceTree = "<group>"; };
		1329B79921772637003B9A9A /* Base */ = {isa = PBXFileReference; lastKnownFileType = file.storyboard; name = Base; path = Base.lproj/Main.storyboard; sourceTree = "<group>"; };
		1329B79B21772638003B9A9A /* Assets.xcassets */ = {isa = PBXFileReference; lastKnownFileType = folder.assetcatalog; path = Assets.xcassets; sourceTree = "<group>"; };
		1329B79E21772638003B9A9A /* Base */ = {isa = PBXFileReference; lastKnownFileType = file.storyboard; name = Base; path = Base.lproj/LaunchScreen.storyboard; sourceTree = "<group>"; };
		1329B7A021772638003B9A9A /* Info.plist */ = {isa = PBXFileReference; lastKnownFileType = text.plist.xml; path = Info.plist; sourceTree = "<group>"; };
		1329B7C321773119003B9A9A /* NovaAuth.framework */ = {isa = PBXFileReference; lastKnownFileType = wrapper.framework; path = NovaAuth.framework; sourceTree = "<group>"; };
		1329B7D6217ECFEE003B9A9A /* ResponseViewController.swift */ = {isa = PBXFileReference; lastKnownFileType = sourcecode.swift; path = ResponseViewController.swift; sourceTree = "<group>"; };
		1329B7D8217ED066003B9A9A /* MainViewController.swift */ = {isa = PBXFileReference; lastKnownFileType = sourcecode.swift; path = MainViewController.swift; sourceTree = "<group>"; };
		1329B7DA217EE9D1003B9A9A /* README.md */ = {isa = PBXFileReference; lastKnownFileType = net.daringfireball.markdown; path = README.md; sourceTree = "<group>"; };
		1329B7DB217EEA39003B9A9A /* LICENSE */ = {isa = PBXFileReference; lastKnownFileType = text; path = LICENSE; sourceTree = "<group>"; };
/* End PBXFileReference section */

/* Begin PBXFrameworksBuildPhase section */
		1329B78E21772637003B9A9A /* Frameworks */ = {
			isa = PBXFrameworksBuildPhase;
			buildActionMask = 2147483647;
			files = (
				134F01C72254A1470005A3A1 /* NovaAuth.framework in Frameworks */,
			);
			runOnlyForDeploymentPostprocessing = 0;
		};
/* End PBXFrameworksBuildPhase section */

/* Begin PBXGroup section */
		1329B78821772637003B9A9A = {
			isa = PBXGroup;
			children = (
				1329B7DB217EEA39003B9A9A /* LICENSE */,
				1329B7DA217EE9D1003B9A9A /* README.md */,
				1329B79321772637003B9A9A /* NovaSdkTest */,
				1329B79221772637003B9A9A /* Products */,
				1329B7BD21772FA3003B9A9A /* Frameworks */,
			);
			sourceTree = "<group>";
		};
		1329B79221772637003B9A9A /* Products */ = {
			isa = PBXGroup;
			children = (
				1329B79121772637003B9A9A /* NovaSdkTest.app */,
			);
			name = Products;
			sourceTree = "<group>";
		};
		1329B79321772637003B9A9A /* NovaSdkTest */ = {
			isa = PBXGroup;
			children = (
				1329B79421772637003B9A9A /* AppDelegate.swift */,
				1329B7D8217ED066003B9A9A /* MainViewController.swift */,
				1329B7D6217ECFEE003B9A9A /* ResponseViewController.swift */,
				1329B79821772637003B9A9A /* Main.storyboard */,
				1329B79B21772638003B9A9A /* Assets.xcassets */,
				1329B79D21772638003B9A9A /* LaunchScreen.storyboard */,
				1329B7A021772638003B9A9A /* Info.plist */,
			);
			path = NovaSdkTest;
			sourceTree = "<group>";
		};
		1329B7BD21772FA3003B9A9A /* Frameworks */ = {
			isa = PBXGroup;
			children = (
				1329B7C321773119003B9A9A /* NovaAuth.framework */,
			);
			name = Frameworks;
			sourceTree = "<group>";
		};
/* End PBXGroup section */

/* Begin PBXNativeTarget section */
		1329B79021772637003B9A9A /* NovaSdkTest */ = {
			isa = PBXNativeTarget;
			buildConfigurationList = 1329B7A321772638003B9A9A /* Build configuration list for PBXNativeTarget "NovaSdkTest" */;
			buildPhases = (
				1329B78D21772637003B9A9A /* Sources */,
				1329B78E21772637003B9A9A /* Frameworks */,
				1329B78F21772637003B9A9A /* Resources */,
				134F01CA2254A1F90005A3A1 /* Embed Frameworks */,
			);
			buildRules = (
			);
			dependencies = (
			);
			name = NovaSdkTest;
			productName = NovaSdkTest;
			productReference = 1329B79121772637003B9A9A /* NovaSdkTest.app */;
			productType = "com.apple.product-type.application";
		};
/* End PBXNativeTarget section */

/* Begin PBXProject section */
		1329B78921772637003B9A9A /* Project object */ = {
			isa = PBXProject;
			attributes = {
				LastSwiftUpdateCheck = 1000;
				LastUpgradeCheck = 1000;
				ORGANIZATIONNAME = SuGyumKim;
				TargetAttributes = {
					1329B79021772637003B9A9A = {
						CreatedOnToolsVersion = 10.0;
					};
				};
			};
			buildConfigurationList = 1329B78C21772637003B9A9A /* Build configuration list for PBXProject "NovaSdkTest" */;
			compatibilityVersion = "Xcode 9.3";
			developmentRegion = en;
			hasScannedForEncodings = 0;
			knownRegions = (
				en,
				Base,
			);
			mainGroup = 1329B78821772637003B9A9A;
			productRefGroup = 1329B79221772637003B9A9A /* Products */;
			projectDirPath = "";
			projectRoot = "";
			targets = (
				1329B79021772637003B9A9A /* NovaSdkTest */,
			);
		};
/* End PBXProject section */

/* Begin PBXResourcesBuildPhase section */
		1329B78F21772637003B9A9A /* Resources */ = {
			isa = PBXResourcesBuildPhase;
			buildActionMask = 2147483647;
			files = (
				1329B79F21772638003B9A9A /* LaunchScreen.storyboard in Resources */,
				1329B79C21772638003B9A9A /* Assets.xcassets in Resources */,
				1329B79A21772637003B9A9A /* Main.storyboard in Resources */,
			);
			runOnlyForDeploymentPostprocessing = 0;
		};
/* End PBXResourcesBuildPhase section */

/* Begin PBXSourcesBuildPhase section */
		1329B78D21772637003B9A9A /* Sources */ = {
			isa = PBXSourcesBuildPhase;
			buildActionMask = 2147483647;
			files = (
				1329B7D7217ECFEE003B9A9A /* ResponseViewController.swift in Sources */,
				1329B79521772637003B9A9A /* AppDelegate.swift in Sources */,
				1329B7D9217ED066003B9A9A /* MainViewController.swift in Sources */,
			);
			runOnlyForDeploymentPostprocessing = 0;
		};
/* End PBXSourcesBuildPhase section */

/* Begin PBXVariantGroup section */
		1329B79821772637003B9A9A /* Main.storyboard */ = {
			isa = PBXVariantGroup;
			children = (
				1329B79921772637003B9A9A /* Base */,
			);
			name = Main.storyboard;
			sourceTree = "<group>";
		};
		1329B79D21772638003B9A9A /* LaunchScreen.storyboard */ = {
			isa = PBXVariantGroup;
			children = (
				1329B79E21772638003B9A9A /* Base */,
			);
			name = LaunchScreen.storyboard;
			sourceTree = "<group>";
		};
/* End PBXVariantGroup section */

/* Begin XCBuildConfiguration section */
		1329B7A121772638003B9A9A /* Debug */ = {
			isa = XCBuildConfiguration;
			buildSettings = {
				ALWAYS_SEARCH_USER_PATHS = NO;
				CLANG_ANALYZER_NONNULL = YES;
				CLANG_ANALYZER_NUMBER_OBJECT_CONVERSION = YES_AGGRESSIVE;
				CLANG_CXX_LANGUAGE_STANDARD = "gnu++14";
				CLANG_CXX_LIBRARY = "libc++";
				CLANG_ENABLE_MODULES = YES;
				CLANG_ENABLE_OBJC_ARC = YES;
				CLANG_ENABLE_OBJC_WEAK = YES;
				CLANG_WARN_BLOCK_CAPTURE_AUTORELEASING = YES;
				CLANG_WARN_BOOL_CONVERSION = YES;
				CLANG_WARN_COMMA = YES;
				CLANG_WARN_CONSTANT_CONVERSION = YES;
				CLANG_WARN_DEPRECATED_OBJC_IMPLEMENTATIONS = YES;
				CLANG_WARN_DIRECT_OBJC_ISA_USAGE = YES_ERROR;
				CLANG_WARN_DOCUMENTATION_COMMENTS = YES;
				CLANG_WARN_EMPTY_BODY = YES;
				CLANG_WARN_ENUM_CONVERSION = YES;
				CLANG_WARN_INFINITE_RECURSION = YES;
				CLANG_WARN_INT_CONVERSION = YES;
				CLANG_WARN_NON_LITERAL_NULL_CONVERSION = YES;
				CLANG_WARN_OBJC_IMPLICIT_RETAIN_SELF = YES;
				CLANG_WARN_OBJC_LITERAL_CONVERSION = YES;
				CLANG_WARN_OBJC_ROOT_CLASS = YES_ERROR;
				CLANG_WARN_RANGE_LOOP_ANALYSIS = YES;
				CLANG_WARN_STRICT_PROTOTYPES = YES;
				CLANG_WARN_SUSPICIOUS_MOVE = YES;
				CLANG_WARN_UNGUARDED_AVAILABILITY = YES_AGGRESSIVE;
				CLANG_WARN_UNREACHABLE_CODE = YES;
				CLANG_WARN__DUPLICATE_METHOD_MATCH = YES;
				CODE_SIGN_IDENTITY = "iPhone Developer";
				COPY_PHASE_STRIP = NO;
				DEBUG_INFORMATION_FORMAT = dwarf;
				ENABLE_STRICT_OBJC_MSGSEND = YES;
				ENABLE_TESTABILITY = YES;
				GCC_C_LANGUAGE_STANDARD = gnu11;
				GCC_DYNAMIC_NO_PIC = NO;
				GCC_NO_COMMON_BLOCKS = YES;
				GCC_OPTIMIZATION_LEVEL = 0;
				GCC_PREPROCESSOR_DEFINITIONS = (
					"DEBUG=1",
					"$(inherited)",
				);
				GCC_WARN_64_TO_32_BIT_CONVERSION = YES;
				GCC_WARN_ABOUT_RETURN_TYPE = YES_ERROR;
				GCC_WARN_UNDECLARED_SELECTOR = YES;
				GCC_WARN_UNINITIALIZED_AUTOS = YES_AGGRESSIVE;
				GCC_WARN_UNUSED_FUNCTION = YES;
				GCC_WARN_UNUSED_VARIABLE = YES;
				IPHONEOS_DEPLOYMENT_TARGET = 10.0;
				MTL_ENABLE_DEBUG_INFO = INCLUDE_SOURCE;
				MTL_FAST_MATH = YES;
				ONLY_ACTIVE_ARCH = YES;
				SDKROOT = iphoneos;
				SWIFT_ACTIVE_COMPILATION_CONDITIONS = DEBUG;
				SWIFT_OPTIMIZATION_LEVEL = "-Onone";
				SWIFT_VERSION = 5.0;
			};
			name = Debug;
		};
		1329B7A221772638003B9A9A /* Release */ = {
			isa = XCBuildConfiguration;
			buildSettings = {
				ALWAYS_SEARCH_USER_PATHS = NO;
				CLANG_ANALYZER_NONNULL = YES;
				CLANG_ANALYZER_NUMBER_OBJECT_CONVERSION = YES_AGGRESSIVE;
				CLANG_CXX_LANGUAGE_STANDARD = "gnu++14";
				CLANG_CXX_LIBRARY = "libc++";
				CLANG_ENABLE_MODULES = YES;
				CLANG_ENABLE_OBJC_ARC = YES;
				CLANG_ENABLE_OBJC_WEAK = YES;
				CLANG_WARN_BLOCK_CAPTURE_AUTORELEASING = YES;
				CLANG_WARN_BOOL_CONVERSION = YES;
				CLANG_WARN_COMMA = YES;
				CLANG_WARN_CONSTANT_CONVERSION = YES;
				CLANG_WARN_DEPRECATED_OBJC_IMPLEMENTATIONS = YES;
				CLANG_WARN_DIRECT_OBJC_ISA_USAGE = YES_ERROR;
				CLANG_WARN_DOCUMENTATION_COMMENTS = YES;
				CLANG_WARN_EMPTY_BODY = YES;
				CLANG_WARN_ENUM_CONVERSION = YES;
				CLANG_WARN_INFINITE_RECURSION = YES;
				CLANG_WARN_INT_CONVERSION = YES;
				CLANG_WARN_NON_LITERAL_NULL_CONVERSION = YES;
				CLANG_WARN_OBJC_IMPLICIT_RETAIN_SELF = YES;
				CLANG_WARN_OBJC_LITERAL_CONVERSION = YES;
				CLANG_WARN_OBJC_ROOT_CLASS = YES_ERROR;
				CLANG_WARN_RANGE_LOOP_ANALYSIS = YES;
				CLANG_WARN_STRICT_PROTOTYPES = YES;
				CLANG_WARN_SUSPICIOUS_MOVE = YES;
				CLANG_WARN_UNGUARDED_AVAILABILITY = YES_AGGRESSIVE;
				CLANG_WARN_UNREACHABLE_CODE = YES;
				CLANG_WARN__DUPLICATE_METHOD_MATCH = YES;
				CODE_SIGN_IDENTITY = "iPhone Developer";
				COPY_PHASE_STRIP = NO;
				DEBUG_INFORMATION_FORMAT = "dwarf-with-dsym";
				ENABLE_NS_ASSERTIONS = NO;
				ENABLE_STRICT_OBJC_MSGSEND = YES;
				GCC_C_LANGUAGE_STANDARD = gnu11;
				GCC_NO_COMMON_BLOCKS = YES;
				GCC_WARN_64_TO_32_BIT_CONVERSION = YES;
				GCC_WARN_ABOUT_RETURN_TYPE = YES_ERROR;
				GCC_WARN_UNDECLARED_SELECTOR = YES;
				GCC_WARN_UNINITIALIZED_AUTOS = YES_AGGRESSIVE;
				GCC_WARN_UNUSED_FUNCTION = YES;
				GCC_WARN_UNUSED_VARIABLE = YES;
				IPHONEOS_DEPLOYMENT_TARGET = 10.0;
				MTL_ENABLE_DEBUG_INFO = NO;
				MTL_FAST_MATH = YES;
				SDKROOT = iphoneos;
				SWIFT_COMPILATION_MODE = wholemodule;
				SWIFT_OPTIMIZATION_LEVEL = "-O";
				SWIFT_VERSION = 5.0;
				VALIDATE_PRODUCT = YES;
			};
			name = Release;
		};
		1329B7A421772638003B9A9A /* Debug */ = {
			isa = XCBuildConfiguration;
			buildSettings = {
				ASSETCATALOG_COMPILER_APPICON_NAME = AppIcon;
				CODE_SIGN_STYLE = Automatic;
				DEVELOPMENT_TEAM = GQ687Q8877;
				FRAMEWORK_SEARCH_PATHS = (
					"$(inherited)",
					"$(PROJECT_DIR)",
				);
				INFOPLIST_FILE = NovaSdkTest/Info.plist;
				IPHONEOS_DEPLOYMENT_TARGET = 10.0;
				LD_RUNPATH_SEARCH_PATHS = (
					"$(inherited)",
					"@executable_path/Frameworks",
				);
				PRODUCT_BUNDLE_IDENTIFIER = com.wzdworks.NovaSdkTest;
				PRODUCT_NAME = "$(TARGET_NAME)";
				SWIFT_VERSION = 5.0;
				TARGETED_DEVICE_FAMILY = 1;
			};
			name = Debug;
		};
		1329B7A521772638003B9A9A /* Release */ = {
			isa = XCBuildConfiguration;
			buildSettings = {
				ASSETCATALOG_COMPILER_APPICON_NAME = AppIcon;
				CODE_SIGN_STYLE = Automatic;
				DEVELOPMENT_TEAM = GQ687Q8877;
				FRAMEWORK_SEARCH_PATHS = (
					"$(inherited)",
					"$(PROJECT_DIR)",
				);
				INFOPLIST_FILE = NovaSdkTest/Info.plist;
				IPHONEOS_DEPLOYMENT_TARGET = 10.0;
				LD_RUNPATH_SEARCH_PATHS = (
					"$(inherited)",
					"@executable_path/Frameworks",
				);
				PRODUCT_BUNDLE_IDENTIFIER = com.wzdworks.NovaSdkTest;
				PRODUCT_NAME = "$(TARGET_NAME)";
				SWIFT_VERSION = 5.0;
				TARGETED_DEVICE_FAMILY = 1;
			};
			name = Release;
		};
/* End XCBuildConfiguration section */

/* Begin XCConfigurationList section */
		1329B78C21772637003B9A9A /* Build configuration list for PBXProject "NovaSdkTest" */ = {
			isa = XCConfigurationList;
			buildConfigurations = (
				1329B7A121772638003B9A9A /* Debug */,
				1329B7A221772638003B9A9A /* Release */,
			);
			defaultConfigurationIsVisible = 0;
			defaultConfigurationName = Release;
		};
		1329B7A321772638003B9A9A /* Build configuration list for PBXNativeTarget "NovaSdkTest" */ = {
			isa = XCConfigurationList;
			buildConfigurations = (
				1329B7A421772638003B9A9A /* Debug */,
				1329B7A521772638003B9A9A /* Release */,
			);
			defaultConfigurationIsVisible = 0;
			defaultConfigurationName = Release;
		};
/* End XCConfigurationList section */
	};
	rootObject = 1329B78921772637003B9A9A /* Project object */;
}
